
Microsoft Visual Studio Solution File, Format Version 12.00
# Visual Studio Version 16
VisualStudioVersion = 16.0.31112.23
MinimumVisualStudioVersion = 10.0.40219.1
Project("{FAE04EC0-301F-11D3-BF4B-00C04F79EFBC}") = "Marvel.Android", "Marvel\Marvel.Android\Marvel.Android.csproj", "{15E12F55-70BA-431A-951B-0A8BD197A29B}"
EndProject
Project("{FAE04EC0-301F-11D3-BF4B-00C04F79EFBC}") = "Marvel.iOS", "Marvel\Marvel.iOS\Marvel.iOS.csproj", "{2A23A049-5D93-4422-A97C-0026AB29BFA6}"
EndProject
Project("{FAE04EC0-301F-11D3-BF4B-00C04F79EFBC}") = "Marvel", "Marvel\Marvel\Marvel.csproj", "{96C75382-816F-46B6-9C6D-6E06C1BFA78F}"
EndProject
Global
	GlobalSection(SolutionConfigurationPlatforms) = preSolution
		Debug|Any CPU = Debug|Any CPU
		Debug|iPhone = Debug|iPhone
		Debug|iPhoneSimulator = Debug|iPhoneSimulator
		Release|Any CPU = Release|Any CPU
		Release|iPhone = Release|iPhone
		Release|iPhoneSimulator = Release|iPhoneSimulator
	EndGlobalSection
	GlobalSection(ProjectConfigurationPlatforms) = postSolution
		{15E12F55-70BA-431A-951B-0A8BD197A29B}.Debug|Any CPU.ActiveCfg = Debug|Any CPU
		{15E12F55-70BA-431A-951B-0A8BD197A29B}.Debug|Any CPU.Build.0 = Debug|Any CPU
		{15E12F55-70BA-431A-951B-0A8BD197A29B}.Debug|Any CPU.Deploy.0 = Debug|Any CPU
		{15E12F55-70BA-431A-951B-0A8BD197A29B}.Debug|iPhone.ActiveCfg = Debug|Any CPU
		{15E12F55-70BA-431A-951B-0A8BD197A29B}.Debug|iPhone.Build.0 = Debug|Any CPU
		{15E12F55-70BA-431A-951B-0A8BD197A29B}.Debug|iPhone.Deploy.0 = Debug|Any CPU
		{15E12F55-70BA-431A-951B-0A8BD197A29B}.Debug|iPhoneSimulator.ActiveCfg = Debug|Any CPU
		{15E12F55-70BA-431A-951B-0A8BD197A29B}.Debug|iPhoneSimulator.Build.0 = Debug|Any CPU
		{15E12F55-70BA-431A-951B-0A8BD197A29B}.Debug|iPhoneSimulator.Deploy.0 = Debug|Any CPU
		{15E12F55-70BA-431A-951B-0A8BD197A29B}.Release|Any CPU.ActiveCfg = Release|Any CPU
		{15E12F55-70BA-431A-951B-0A8BD197A29B}.Release|Any CPU.Build.0 = Release|Any CPU
		{15E12F55-70BA-431A-951B-0A8BD197A29B}.Release|Any CPU.Deploy.0 = Release|Any CPU
		{15E12F55-70BA-431A-951B-0A8BD197A29B}.Release|iPhone.ActiveCfg = Release|Any CPU
		{15E12F55-70BA-431A-951B-0A8BD197A29B}.Release|iPhone.Build.0 = Release|Any CPU
		{15E12F55-70BA-431A-951B-0A8BD197A29B}.Release|iPhone.Deploy.0 = Release|Any CPU
		{15E12F55-70BA-431A-951B-0A8BD197A29B}.Release|iPhoneSimulator.ActiveCfg = Release|Any CPU
		{15E12F55-70BA-431A-951B-0A8BD197A29B}.Release|iPhoneSimulator.Build.0 = Release|Any CPU
		{15E12F55-70BA-431A-951B-0A8BD197A29B}.Release|iPhoneSimulator.Deploy.0 = Release|Any CPU
		{2A23A049-5D93-4422-A97C-0026AB29BFA6}.Debug|Any CPU.ActiveCfg = Debug|iPhone
		{2A23A049-5D93-4422-A97C-0026AB29BFA6}.Debug|Any CPU.Build.0 = Debug|iPhone
		{2A23A049-5D93-4422-A97C-0026AB29BFA6}.Debug|Any CPU.Deploy.0 = Debug|iPhone
		{2A23A049-5D93-4422-A97C-0026AB29BFA6}.Debug|iPhone.ActiveCfg = Debug|iPhone
		{2A23A049-5D93-4422-A97C-0026AB29BFA6}.Debug|iPhone.Build.0 = Debug|iPhone
		{2A23A049-5D93-4422-A97C-0026AB29BFA6}.Debug|iPhone.Deploy.0 = Debug|iPhone
		{2A23A049-5D93-4422-A97C-0026AB29BFA6}.Debug|iPhoneSimulator.ActiveCfg = Debug|iPhoneSimulator
		{2A23A049-5D93-4422-A97C-0026AB29BFA6}.Debug|iPhoneSimulator.Build.0 = Debug|iPhoneSimulator
		{2A23A049-5D93-4422-A97C-0026AB29BFA6}.Debug|iPhoneSimulator.Deploy.0 = Debug|iPhoneSimulator
		{2A23A049-5D93-4422-A97C-0026AB29BFA6}.Release|Any CPU.ActiveCfg = Release|iPhoneSimulator
		{2A23A049-5D93-4422-A97C-0026AB29BFA6}.Release|Any CPU.Build.0 = Release|iPhoneSimulator
		{2A23A049-5D93-4422-A97C-0026AB29BFA6}.Release|Any CPU.Deploy.0 = Release|iPhoneSimulator
		{2A23A049-5D93-4422-A97C-0026AB29BFA6}.Release|iPhone.ActiveCfg = Release|iPhone
		{2A23A049-5D93-4422-A97C-0026AB29BFA6}.Release|iPhone.Build.0 = Release|iPhone
		{2A23A049-5D93-4422-A97C-0026AB29BFA6}.Release|iPhone.Deploy.0 = Release|iPhone
		{2A23A049-5D93-4422-A97C-0026AB29BFA6}.Release|iPhoneSimulator.ActiveCfg = Release|iPhoneSimulator
		{2A23A049-5D93-4422-A97C-0026AB29BFA6}.Release|iPhoneSimulator.Build.0 = Release|iPhoneSimulator
		{2A23A049-5D93-4422-A97C-0026AB29BFA6}.Release|iPhoneSimulator.Deploy.0 = Release|iPhoneSimulator
		{96C75382-816F-46B6-9C6D-6E06C1BFA78F}.Debug|Any CPU.ActiveCfg = Debug|Any CPU
		{96C75382-816F-46B6-9C6D-6E06C1BFA78F}.Debug|Any CPU.Build.0 = Debug|Any CPU
		{96C75382-816F-46B6-9C6D-6E06C1BFA78F}.Debug|Any CPU.Deploy.0 = Debug|Any CPU
		{96C75382-816F-46B6-9C6D-6E06C1BFA78F}.Debug|iPhone.ActiveCfg = Debug|Any CPU
		{96C75382-816F-46B6-9C6D-6E06C1BFA78F}.Debug|iPhone.Build.0 = Debug|Any CPU
		{96C75382-816F-46B6-9C6D-6E06C1BFA78F}.Debug|iPhone.Deploy.0 = Debug|Any CPU
		{96C75382-816F-46B6-9C6D-6E06C1BFA78F}.Debug|iPhoneSimulator.ActiveCfg = Debug|Any CPU
		{96C75382-816F-46B6-9C6D-6E06C1BFA78F}.Debug|iPhoneSimulator.Build.0 = Debug|Any CPU
		{96C75382-816F-46B6-9C6D-6E06C1BFA78F}.Debug|iPhoneSimulator.Deploy.0 = Debug|Any CPU
		{96C75382-816F-46B6-9C6D-6E06C1BFA78F}.Release|Any CPU.ActiveCfg = Release|Any CPU
		{96C75382-816F-46B6-9C6D-6E06C1BFA78F}.Release|Any CPU.Build.0 = Release|Any CPU
		{96C75382-816F-46B6-9C6D-6E06C1BFA78F}.Release|Any CPU.Deploy.0 = Release|Any CPU
		{96C75382-816F-46B6-9C6D-6E06C1BFA78F}.Release|iPhone.ActiveCfg = Release|Any CPU
		{96C75382-816F-46B6-9C6D-6E06C1BFA78F}.Release|iPhone.Build.0 = Release|Any CPU
		{96C75382-816F-46B6-9C6D-6E06C1BFA78F}.Release|iPhone.Deploy.0 = Release|Any CPU
		{96C75382-816F-46B6-9C6D-6E06C1BFA78F}.Release|iPhoneSimulator.ActiveCfg = Release|Any CPU
		{96C75382-816F-46B6-9C6D-6E06C1BFA78F}.Release|iPhoneSimulator.Build.0 = Release|Any CPU
		{96C75382-816F-46B6-9C6D-6E06C1BFA78F}.Release|iPhoneSimulator.Deploy.0 = Release|Any CPU
	EndGlobalSection
	GlobalSection(SolutionProperties) = preSolution
		HideSolutionNode = FALSE
	EndGlobalSection
	GlobalSection(ExtensibilityGlobals) = postSolution
		SolutionGuid = {23885779-8D89-4304-8697-7CD0748EFE22}
	EndGlobalSection
EndGlobal
